
Microsoft Visual Studio Solution File, Format Version 12.00
# Visual Studio Version 17
VisualStudioVersion = 17.6.33723.286
MinimumVisualStudioVersion = 10.0.40219.1
Project("{FAE04EC0-301F-11D3-BF4B-00C04F79EFBC}") = "FirstMvc", "FirstMvc\FirstMvc.csproj", "{68EF587C-5895-49FB-BF69-C3E358B6E784}"
EndProject
Global
	GlobalSection(SolutionConfigurationPlatforms) = preSolution
		Debug|Any CPU = Debug|Any CPU
		Release|Any CPU = Release|Any CPU
	EndGlobalSection
	GlobalSection(ProjectConfigurationPlatforms) = postSolution
		{68EF587C-5895-49FB-BF69-C3E358B6E784}.Debug|Any CPU.ActiveCfg = Debug|Any CPU
		{68EF587C-5895-49FB-BF69-C3E358B6E784}.Debug|Any CPU.Build.0 = Debug|Any CPU
		{68EF587C-5895-49FB-BF69-C3E358B6E784}.Release|Any CPU.ActiveCfg = Release|Any CPU
		{68EF587C-5895-49FB-BF69-C3E358B6E784}.Release|Any CPU.Build.0 = Release|Any CPU
	EndGlobalSection
	GlobalSection(SolutionProperties) = preSolution
		HideSolutionNode = FALSE
	EndGlobalSection
	GlobalSection(ExtensibilityGlobals) = postSolution
		SolutionGuid = {CEC6E634-3C73-44AD-8E46-68A68A1581AC}
	EndGlobalSection
EndGlobal
